id: lte_pbch_decoder
label: PBCH Decoder
category: lte

parameters:
-   id: N_rb_dl
    label: resource blocks
    dtype: int
    default: '50'
    hide: none

inputs:
-   label: in0
    dtype: complex
    vlen: 600
-   label: in1
    dtype: complex
    vlen: 600
-   label: in2
    dtype: complex
    vlen: 600
-   label: cell_id
    domain: message
    dtype: message

outputs:
-   label: out
    dtype: float
    vlen: 120

templates:
    imports: 'from lte_pbch_decoder import lte_pbch_decoder  # grc-generated hier_block'
    make: "lte_pbch_decoder(\n    N_rb_dl=${ N_rb_dl },\n)"
    callbacks:
    - set_N_rb_dl(${ N_rb_dl })

documentation: 'Johannes Demel

    hierarchical block to decode PBCH

    lte_pbch_decoder.py'
grc_source: ../examples/lte_pbch_decoder.grc

file_format: 1
